
Microsoft Visual Studio Solution File, Format Version 12.00
# Visual Studio Version 17
VisualStudioVersion = 17.3.32929.385
MinimumVisualStudioVersion = 10.0.40219.1
Project("{FAE04EC0-301F-11D3-BF4B-00C04F79EFBC}") = "finding perfect numbers within 2 input numpers", "finding perfect numbers within 2 input numpers.csproj", "{B175EEBA-FE9B-4960-9613-61FBCC2815AF}"
EndProject
Global
	GlobalSection(SolutionConfigurationPlatforms) = preSolution
		Debug|Any CPU = Debug|Any CPU
		Release|Any CPU = Release|Any CPU
	EndGlobalSection
	GlobalSection(ProjectConfigurationPlatforms) = postSolution
		{B175EEBA-FE9B-4960-9613-61FBCC2815AF}.Debug|Any CPU.ActiveCfg = Debug|Any CPU
		{B175EEBA-FE9B-4960-9613-61FBCC2815AF}.Debug|Any CPU.Build.0 = Debug|Any CPU
		{B175EEBA-FE9B-4960-9613-61FBCC2815AF}.Release|Any CPU.ActiveCfg = Release|Any CPU
		{B175EEBA-FE9B-4960-9613-61FBCC2815AF}.Release|Any CPU.Build.0 = Release|Any CPU
	EndGlobalSection
	GlobalSection(SolutionProperties) = preSolution
		HideSolutionNode = FALSE
	EndGlobalSection
	GlobalSection(ExtensibilityGlobals) = postSolution
		SolutionGuid = {BB247A12-38C2-4534-9F78-389EB4A86979}
	EndGlobalSection
EndGlobal
